
Microsoft Visual Studio Solution File, Format Version 12.00
# Visual Studio Version 17
VisualStudioVersion = 17.4.33213.308
MinimumVisualStudioVersion = 10.0.40219.1
Project("{FAE04EC0-301F-11D3-BF4B-00C04F79EFBC}") = "TimeManagementApp", "TimeManagementApp.csproj", "{AF541EBB-F2AA-473A-A0DA-AB1362A26BA4}"
EndProject
Global
	GlobalSection(SolutionConfigurationPlatforms) = preSolution
		Debug|Any CPU = Debug|Any CPU
		Release|Any CPU = Release|Any CPU
	EndGlobalSection
	GlobalSection(ProjectConfigurationPlatforms) = postSolution
		{AF541EBB-F2AA-473A-A0DA-AB1362A26BA4}.Debug|Any CPU.ActiveCfg = Debug|Any CPU
		{AF541EBB-F2AA-473A-A0DA-AB1362A26BA4}.Debug|Any CPU.Build.0 = Debug|Any CPU
		{AF541EBB-F2AA-473A-A0DA-AB1362A26BA4}.Release|Any CPU.ActiveCfg = Release|Any CPU
		{AF541EBB-F2AA-473A-A0DA-AB1362A26BA4}.Release|Any CPU.Build.0 = Release|Any CPU
	EndGlobalSection
	GlobalSection(SolutionProperties) = preSolution
		HideSolutionNode = FALSE
	EndGlobalSection
	GlobalSection(ExtensibilityGlobals) = postSolution
		SolutionGuid = {22E48ED7-1DAD-4F4D-B7A0-EA4D8CD1B4C0}
	EndGlobalSection
EndGlobal
